Microsoft Visual Studio Solution File, Format Version 12.00
# Visual Studio Version 17
VisualStudioVersion = 17.5.2.0
MinimumVisualStudioVersion = 10.0.40219.1
Project("{FAE04EC0-301F-11D3-BF4B-00C04F79EFBC}") = "BlueeCalc", "BlueeCalc\BlueeCalc.csproj", "{79D5713F-E505-C5F0-BE90-8FB7497C286E}"
EndProject
Global
	GlobalSection(SolutionConfigurationPlatforms) = preSolution
		Debug|Any CPU = Debug|Any CPU
		Release|Any CPU = Release|Any CPU
	EndGlobalSection
	GlobalSection(ProjectConfigurationPlatforms) = postSolution
		{79D5713F-E505-C5F0-BE90-8FB7497C286E}.Debug|Any CPU.ActiveCfg = Debug|Any CPU
		{79D5713F-E505-C5F0-BE90-8FB7497C286E}.Debug|Any CPU.Build.0 = Debug|Any CPU
		{79D5713F-E505-C5F0-BE90-8FB7497C286E}.Release|Any CPU.ActiveCfg = Release|Any CPU
		{79D5713F-E505-C5F0-BE90-8FB7497C286E}.Release|Any CPU.Build.0 = Release|Any CPU
	EndGlobalSection
	GlobalSection(SolutionProperties) = preSolution
		HideSolutionNode = FALSE
	EndGlobalSection
	GlobalSection(ExtensibilityGlobals) = postSolution
		SolutionGuid = {6EA66627-7123-4AD3-B50E-62F393671AEA}
	EndGlobalSection
EndGlobal
